// !$*UTF8*$!
{
	archiveVersion = 1;
	classes = {
	};
	objectVersion = 50;
	objects = {

/* Begin PBXBuildFile section */
		460B7E50883D5C58F79DDD97 /* Pods_MartHoliday.framework in Frameworks */ = {isa = PBXBuildFile; fileRef = 911AAA1B6BE368358930D098 /* Pods_MartHoliday.framework */; };
		4D644265BB133FC0E727B5D4 /* Pods_MartHolidayTests.framework in Frameworks */ = {isa = PBXBuildFile; fileRef = 1A65D9831135D5A77156023F /* Pods_MartHolidayTests.framework */; };
		FD0202852146559B0083BE22 /* DataDecoder.swift in Sources */ = {isa = PBXBuildFile; fileRef = FD9F409D211EC0C8007D7F1B /* DataDecoder.swift */; };
		FD0202862146559B0083BE22 /* BranchList.swift in Sources */ = {isa = PBXBuildFile; fileRef = FD228F372142EB1A0062B75F /* BranchList.swift */; };
		FD0202872146559B0083BE22 /* BranchRawData.swift in Sources */ = {isa = PBXBuildFile; fileRef = FD9F409B211EBFAF007D7F1B /* BranchRawData.swift */; };
		FD0202882146559B0083BE22 /* AddressDatum.swift in Sources */ = {isa = PBXBuildFile; fileRef = FDC3461C2136708400F6D6FF /* AddressDatum.swift */; };
		FD0202892146559B0083BE22 /* DataStorage.swift in Sources */ = {isa = PBXBuildFile; fileRef = FDBF9A4721240911001C2DAA /* DataStorage.swift */; };
		FD02028A2146559B0083BE22 /* FavoriteList.swift in Sources */ = {isa = PBXBuildFile; fileRef = FDBF9A49212414A9001C2DAA /* FavoriteList.swift */; };
		FD02028B2146559B0083BE22 /* MenuData.swift in Sources */ = {isa = PBXBuildFile; fileRef = FD48E1BE212BF57B00FC05D9 /* MenuData.swift */; };
		FD02028C2146559B0083BE22 /* MapSetter.swift in Sources */ = {isa = PBXBuildFile; fileRef = FDC3461A2136618E00F6D6FF /* MapSetter.swift */; };
		FD02028E2146559B0083BE22 /* DataSetter.swift in Sources */ = {isa = PBXBuildFile; fileRef = FD4DDC8D21411236004E981F /* DataSetter.swift */; };
		FD02028F2146559B0083BE22 /* Keywords.swift in Sources */ = {isa = PBXBuildFile; fileRef = FD9F409F211EC5EA007D7F1B /* Keywords.swift */; };
		FD0202902146559B0083BE22 /* Extensions.swift in Sources */ = {isa = PBXBuildFile; fileRef = FDC2A941212458F400A1E2FF /* Extensions.swift */; };
		FD0202912146565C0083BE22 /* MartHolidayTests.swift in Sources */ = {isa = PBXBuildFile; fileRef = FD0202612146517B0083BE22 /* MartHolidayTests.swift */; };
		FD020295214658EA0083BE22 /* HolidaysCollectionViewManager.swift in Sources */ = {isa = PBXBuildFile; fileRef = FD37C0A5213BEC52007E6E7A /* HolidaysCollectionViewManager.swift */; };
		FD11EAE321203A4C003EB3E9 /* BranchTableViewCell.swift in Sources */ = {isa = PBXBuildFile; fileRef = FD11EAE221203A4C003EB3E9 /* BranchTableViewCell.swift */; };
		FD1B4F212126BB8B00946311 /* SlideBackgroundView.swift in Sources */ = {isa = PBXBuildFile; fileRef = FD1B4F202126BB8B00946311 /* SlideBackgroundView.swift */; };
		FD1B4F232126BBD200946311 /* SlideTopView.swift in Sources */ = {isa = PBXBuildFile; fileRef = FD1B4F222126BBD200946311 /* SlideTopView.swift */; };
		FD1B4F252126C0FA00946311 /* SlideMenuView.xib in Resources */ = {isa = PBXBuildFile; fileRef = FD1B4F242126C0FA00946311 /* SlideMenuView.xib */; };
		FD1CC4DF211DF10A00B21E09 /* SearchViewController.swift in Sources */ = {isa = PBXBuildFile; fileRef = FD1CC4DE211DF10A00B21E09 /* SearchViewController.swift */; };
		FD1CC4E1211DF76300B21E09 /* DetailViewController.swift in Sources */ = {isa = PBXBuildFile; fileRef = FD1CC4E0211DF76300B21E09 /* DetailViewController.swift */; };
		FD228F382142EB1A0062B75F /* BranchList.swift in Sources */ = {isa = PBXBuildFile; fileRef = FD228F372142EB1A0062B75F /* BranchList.swift */; };
		FD3B64242121BEAA003C1332 /* ApiGatewayMac.framework in Frameworks */ = {isa = PBXBuildFile; fileRef = FD3B64232121BEAA003C1332 /* ApiGatewayMac.framework */; };
		FD3B64252121BEAA003C1332 /* ApiGatewayMac.framework in Embed Frameworks */ = {isa = PBXBuildFile; fileRef = FD3B64232121BEAA003C1332 /* ApiGatewayMac.framework */; settings = {ATTRIBUTES = (CodeSignOnCopy, RemoveHeadersOnCopy, ); }; };
		FD3B64292121BEDD003C1332 /* NMapViewerSDK.framework in Frameworks */ = {isa = PBXBuildFile; fileRef = FD3B64282121BEDD003C1332 /* NMapViewerSDK.framework */; };
		FD3B642F2122A4FF003C1332 /* NMapViewResources.swift in Sources */ = {isa = PBXBuildFile; fileRef = FD3B642E2122A4FF003C1332 /* NMapViewResources.swift */; };
		FD4850F2212843FB0064747A /* SlideMenu.swift in Sources */ = {isa = PBXBuildFile; fileRef = FD4850F1212843FB0064747A /* SlideMenu.swift */; };
		FD4850F4212869AF0064747A /* SlideMenuCell.swift in Sources */ = {isa = PBXBuildFile; fileRef = FD4850F3212869AF0064747A /* SlideMenuCell.swift */; };
		FD4850F621287AFE0064747A /* SlideMenuCellView.xib in Resources */ = {isa = PBXBuildFile; fileRef = FD4850F521287AFE0064747A /* SlideMenuCellView.xib */; };
		FD48E1BF212BF57B00FC05D9 /* MenuData.swift in Sources */ = {isa = PBXBuildFile; fileRef = FD48E1BE212BF57B00FC05D9 /* MenuData.swift */; };
		FD4DDC8E21411236004E981F /* DataSetter.swift in Sources */ = {isa = PBXBuildFile; fileRef = FD4DDC8D21411236004E981F /* DataSetter.swift */; };
		FD4DDC9021412294004E981F /* SelectionTableViewCell.swift in Sources */ = {isa = PBXBuildFile; fileRef = FD4DDC8F21412294004E981F /* SelectionTableViewCell.swift */; };
		FD52566F21353C9C0014070E /* KeyInfo.plist in Resources */ = {isa = PBXBuildFile; fileRef = FD52566E21353C9C0014070E /* KeyInfo.plist */; };
		FD780D77212F185600B569B3 /* SlideMenuManager.swift in Sources */ = {isa = PBXBuildFile; fileRef = FD780D76212F185600B569B3 /* SlideMenuManager.swift */; };
		FD7DA866214981DB0070B25B /* GoogleService-Info.plist in Resources */ = {isa = PBXBuildFile; fileRef = FD7DA865214981DA0070B25B /* GoogleService-Info.plist */; };
		FD86712321458FCB00273B3C /* StarButton.swift in Sources */ = {isa = PBXBuildFile; fileRef = FD86712221458FCB00273B3C /* StarButton.swift */; };
		FD9F409C211EBFAF007D7F1B /* BranchRawData.swift in Sources */ = {isa = PBXBuildFile; fileRef = FD9F409B211EBFAF007D7F1B /* BranchRawData.swift */; };
		FD9F409E211EC0C8007D7F1B /* DataDecoder.swift in Sources */ = {isa = PBXBuildFile; fileRef = FD9F409D211EC0C8007D7F1B /* DataDecoder.swift */; };
		FD9F40A0211EC5EA007D7F1B /* Keywords.swift in Sources */ = {isa = PBXBuildFile; fileRef = FD9F409F211EC5EA007D7F1B /* Keywords.swift */; };
		FDAF601F21273E880006B68A /* NanumSquareRoundOTFL.otf in Resources */ = {isa = PBXBuildFile; fileRef = FDAF601B21273E880006B68A /* NanumSquareRoundOTFL.otf */; };
		FDAF602021273E880006B68A /* NanumSquareRoundOTFB.otf in Resources */ = {isa = PBXBuildFile; fileRef = FDAF601C21273E880006B68A /* NanumSquareRoundOTFB.otf */; };
		FDAF602121273E880006B68A /* NanumSquareRoundOTFR.otf in Resources */ = {isa = PBXBuildFile; fileRef = FDAF601D21273E880006B68A /* NanumSquareRoundOTFR.otf */; };
		FDAF602221273E880006B68A /* NanumSquareRoundOTFEB.otf in Resources */ = {isa = PBXBuildFile; fileRef = FDAF601E21273E880006B68A /* NanumSquareRoundOTFEB.otf */; };
		FDB4BE22211D6BAD00D3B264 /* AppDelegate.swift in Sources */ = {isa = PBXBuildFile; fileRef = FDB4BE21211D6BAD00D3B264 /* AppDelegate.swift */; };
		FDB4BE24211D6BAD00D3B264 /* MartSelectViewController.swift in Sources */ = {isa = PBXBuildFile; fileRef = FDB4BE23211D6BAD00D3B264 /* MartSelectViewController.swift */; };
		FDB4BE27211D6BAD00D3B264 /* Main.storyboard in Resources */ = {isa = PBXBuildFile; fileRef = FDB4BE25211D6BAD00D3B264 /* Main.storyboard */; };
		FDB4BE29211D6BAE00D3B264 /* Assets.xcassets in Resources */ = {isa = PBXBuildFile; fileRef = FDB4BE28211D6BAE00D3B264 /* Assets.xcassets */; };
		FDB4BE2C211D6BAE00D3B264 /* LaunchScreen.storyboard in Resources */ = {isa = PBXBuildFile; fileRef = FDB4BE2A211D6BAE00D3B264 /* LaunchScreen.storyboard */; };
		FDBF9A4821240911001C2DAA /* DataStorage.swift in Sources */ = {isa = PBXBuildFile; fileRef = FDBF9A4721240911001C2DAA /* DataStorage.swift */; };
		FDBF9A4A212414A9001C2DAA /* FavoriteList.swift in Sources */ = {isa = PBXBuildFile; fileRef = FDBF9A49212414A9001C2DAA /* FavoriteList.swift */; };
		FDC2A942212458F400A1E2FF /* Extensions.swift in Sources */ = {isa = PBXBuildFile; fileRef = FDC2A941212458F400A1E2FF /* Extensions.swift */; };
		FDC3461B2136618E00F6D6FF /* MapSetter.swift in Sources */ = {isa = PBXBuildFile; fileRef = FDC3461A2136618E00F6D6FF /* MapSetter.swift */; };
		FDC3461D2136708400F6D6FF /* AddressDatum.swift in Sources */ = {isa = PBXBuildFile; fileRef = FDC3461C2136708400F6D6FF /* AddressDatum.swift */; };
		FDCB9E8B212566F1006281CB /* MainViewController.swift in Sources */ = {isa = PBXBuildFile; fileRef = FDCB9E8A212566F1006281CB /* MainViewController.swift */; };
		FDF8058321315DC200B22356 /* HolidaysCell.swift in Sources */ = {isa = PBXBuildFile; fileRef = FDF8058221315DC200B22356 /* HolidaysCell.swift */; };
		FDFB0346212E930E0092411E /* FavoriteCell.swift in Sources */ = {isa = PBXBuildFile; fileRef = FDFB0345212E930E0092411E /* FavoriteCell.swift */; };
/* End PBXBuildFile section */

/* Begin PBXContainerItemProxy section */
		FD0202642146517B0083BE22 /* PBXContainerItemProxy */ = {
			isa = PBXContainerItemProxy;
			containerPortal = FDB4BE16211D6BAD00D3B264 /* Project object */;
			proxyType = 1;
			remoteGlobalIDString = FDB4BE1D211D6BAD00D3B264;
			remoteInfo = MartHoliday;
		};
/* End PBXContainerItemProxy section */

/* Begin PBXCopyFilesBuildPhase section */
		FD3B64262121BEAA003C1332 /* Embed Frameworks */ = {
			isa = PBXCopyFilesBuildPhase;
			buildActionMask = 2147483647;
			dstPath = "";
			dstSubfolderSpec = 10;
			files = (
				FD3B64252121BEAA003C1332 /* ApiGatewayMac.framework in Embed Frameworks */,
			);
			name = "Embed Frameworks";
			runOnlyForDeploymentPostprocessing = 0;
		};
/* End PBXCopyFilesBuildPhase section */

/* Begin PBXFileReference section */
		1A65D9831135D5A77156023F /* Pods_MartHolidayTests.framework */ = {isa = PBXFileReference; explicitFileType = wrapper.framework; includeInIndex = 0; path = Pods_MartHolidayTests.framework; sourceTree = BUILT_PRODUCTS_DIR; };
		42BB0559CA154986E3EBAD98 /* Pods-MartHoliday.debug.xcconfig */ = {isa = PBXFileReference; includeInIndex = 1; lastKnownFileType = text.xcconfig; name = "Pods-MartHoliday.debug.xcconfig"; path = "Pods/Target Support Files/Pods-MartHoliday/Pods-MartHoliday.debug.xcconfig"; sourceTree = "<group>"; };
		63985991677D1CC39462408B /* Pods-MartHoliday.release.xcconfig */ = {isa = PBXFileReference; includeInIndex = 1; lastKnownFileType = text.xcconfig; name = "Pods-MartHoliday.release.xcconfig"; path = "Pods/Target Support Files/Pods-MartHoliday/Pods-MartHoliday.release.xcconfig"; sourceTree = "<group>"; };
		911AAA1B6BE368358930D098 /* Pods_MartHoliday.framework */ = {isa = PBXFileReference; explicitFileType = wrapper.framework; includeInIndex = 0; path = Pods_MartHoliday.framework; sourceTree = BUILT_PRODUCTS_DIR; };
		A952FB47A8AE1C6D4170F2F3 /* Pods-MartHolidayTests.release.xcconfig */ = {isa = PBXFileReference; includeInIndex = 1; lastKnownFileType = text.xcconfig; name = "Pods-MartHolidayTests.release.xcconfig"; path = "Pods/Target Support Files/Pods-MartHolidayTests/Pods-MartHolidayTests.release.xcconfig"; sourceTree = "<group>"; };
		D2A84150BED7895841275DB5 /* Pods-MartHolidayTests.debug.xcconfig */ = {isa = PBXFileReference; includeInIndex = 1; lastKnownFileType = text.xcconfig; name = "Pods-MartHolidayTests.debug.xcconfig"; path = "Pods/Target Support Files/Pods-MartHolidayTests/Pods-MartHolidayTests.debug.xcconfig"; sourceTree = "<group>"; };
		FD02025F2146517B0083BE22 /* MartHolidayTests.xctest */ = {isa = PBXFileReference; explicitFileType = wrapper.cfbundle; includeInIndex = 0; path = MartHolidayTests.xctest; sourceTree = BUILT_PRODUCTS_DIR; };
		FD0202612146517B0083BE22 /* MartHolidayTests.swift */ = {isa = PBXFileReference; lastKnownFileType = sourcecode.swift; path = MartHolidayTests.swift; sourceTree = "<group>"; };
		FD0202632146517B0083BE22 /* Info.plist */ = {isa = PBXFileReference; lastKnownFileType = text.plist.xml; path = Info.plist; sourceTree = "<group>"; };
		FD11EAE221203A4C003EB3E9 /* BranchTableViewCell.swift */ = {isa = PBXFileReference; lastKnownFileType = sourcecode.swift; path = BranchTableViewCell.swift; sourceTree = "<group>"; };
		FD1B4F202126BB8B00946311 /* SlideBackgroundView.swift */ = {isa = PBXFileReference; lastKnownFileType = sourcecode.swift; path = SlideBackgroundView.swift; sourceTree = "<group>"; };
		FD1B4F222126BBD200946311 /* SlideTopView.swift */ = {isa = PBXFileReference; lastKnownFileType = sourcecode.swift; path = SlideTopView.swift; sourceTree = "<group>"; };
		FD1B4F242126C0FA00946311 /* SlideMenuView.xib */ = {isa = PBXFileReference; lastKnownFileType = file.xib; path = SlideMenuView.xib; sourceTree = "<group>"; };
		FD1CC4DE211DF10A00B21E09 /* SearchViewController.swift */ = {isa = PBXFileReference; lastKnownFileType = sourcecode.swift; path = SearchViewController.swift; sourceTree = "<group>"; };
		FD1CC4E0211DF76300B21E09 /* DetailViewController.swift */ = {isa = PBXFileReference; lastKnownFileType = sourcecode.swift; path = DetailViewController.swift; sourceTree = "<group>"; };
		FD228F372142EB1A0062B75F /* BranchList.swift */ = {isa = PBXFileReference; lastKnownFileType = sourcecode.swift; path = BranchList.swift; sourceTree = "<group>"; };
		FD37C0A5213BEC52007E6E7A /* HolidaysCollectionViewManager.swift */ = {isa = PBXFileReference; lastKnownFileType = sourcecode.swift; path = HolidaysCollectionViewManager.swift; sourceTree = "<group>"; };
		FD3B64232121BEAA003C1332 /* ApiGatewayMac.framework */ = {isa = PBXFileReference; lastKnownFileType = wrapper.framework; path = ApiGatewayMac.framework; sourceTree = "<group>"; };
		FD3B64282121BEDD003C1332 /* NMapViewerSDK.framework */ = {isa = PBXFileReference; lastKnownFileType = wrapper.framework; name = NMapViewerSDK.framework; path = "../../../../../Desktop/maps.ios-master/Frameworks/NMapViewerSDK.framework"; sourceTree = "<group>"; };
		FD3B642B2121C3FB003C1332 /* Header.h */ = {isa = PBXFileReference; lastKnownFileType = sourcecode.c.h; path = Header.h; sourceTree = "<group>"; };
		FD3B642E2122A4FF003C1332 /* NMapViewResources.swift */ = {isa = PBXFileReference; lastKnownFileType = sourcecode.swift; path = NMapViewResources.swift; sourceTree = "<group>"; };
		FD4850F1212843FB0064747A /* SlideMenu.swift */ = {isa = PBXFileReference; lastKnownFileType = sourcecode.swift; path = SlideMenu.swift; sourceTree = "<group>"; };
		FD4850F3212869AF0064747A /* SlideMenuCell.swift */ = {isa = PBXFileReference; lastKnownFileType = sourcecode.swift; path = SlideMenuCell.swift; sourceTree = "<group>"; };
		FD4850F521287AFE0064747A /* SlideMenuCellView.xib */ = {isa = PBXFileReference; lastKnownFileType = file.xib; name = SlideMenuCellView.xib; path = MartHoliday/SlideMenuCellView.xib; sourceTree = SOURCE_ROOT; };
		FD48E1BE212BF57B00FC05D9 /* MenuData.swift */ = {isa = PBXFileReference; lastKnownFileType = sourcecode.swift; path = MenuData.swift; sourceTree = "<group>"; };
		FD4DDC8D21411236004E981F /* DataSetter.swift */ = {isa = PBXFileReference; lastKnownFileType = sourcecode.swift; path = DataSetter.swift; sourceTree = "<group>"; };
		FD4DDC8F21412294004E981F /* SelectionTableViewCell.swift */ = {isa = PBXFileReference; lastKnownFileType = sourcecode.swift; path = SelectionTableViewCell.swift; sourceTree = "<group>"; };
		FD52566E21353C9C0014070E /* KeyInfo.plist */ = {isa = PBXFileReference; lastKnownFileType = text.plist.xml; path = KeyInfo.plist; sourceTree = "<group>"; };
		FD780D76212F185600B569B3 /* SlideMenuManager.swift */ = {isa = PBXFileReference; lastKnownFileType = sourcecode.swift; path = SlideMenuManager.swift; sourceTree = "<group>"; };
		FD7DA865214981DA0070B25B /* GoogleService-Info.plist */ = {isa = PBXFileReference; fileEncoding = 4; lastKnownFileType = text.plist.xml; path = "GoogleService-Info.plist"; sourceTree = "<group>"; };
		FD86712221458FCB00273B3C /* StarButton.swift */ = {isa = PBXFileReference; lastKnownFileType = sourcecode.swift; path = StarButton.swift; sourceTree = "<group>"; };
		FD9F409B211EBFAF007D7F1B /* BranchRawData.swift */ = {isa = PBXFileReference; lastKnownFileType = sourcecode.swift; path = BranchRawData.swift; sourceTree = "<group>"; };
		FD9F409D211EC0C8007D7F1B /* DataDecoder.swift */ = {isa = PBXFileReference; lastKnownFileType = sourcecode.swift; path = DataDecoder.swift; sourceTree = "<group>"; };
		FD9F409F211EC5EA007D7F1B /* Keywords.swift */ = {isa = PBXFileReference; lastKnownFileType = sourcecode.swift; path = Keywords.swift; sourceTree = "<group>"; };
		FDAF601B21273E880006B68A /* NanumSquareRoundOTFL.otf */ = {isa = PBXFileReference; lastKnownFileType = file; path = NanumSquareRoundOTFL.otf; sourceTree = "<group>"; };
		FDAF601C21273E880006B68A /* NanumSquareRoundOTFB.otf */ = {isa = PBXFileReference; lastKnownFileType = file; path = NanumSquareRoundOTFB.otf; sourceTree = "<group>"; };
		FDAF601D21273E880006B68A /* NanumSquareRoundOTFR.otf */ = {isa = PBXFileReference; lastKnownFileType = file; path = NanumSquareRoundOTFR.otf; sourceTree = "<group>"; };
		FDAF601E21273E880006B68A /* NanumSquareRoundOTFEB.otf */ = {isa = PBXFileReference; lastKnownFileType = file; path = NanumSquareRoundOTFEB.otf; sourceTree = "<group>"; };
		FDB4BE1E211D6BAD00D3B264 /* MartHoliday.app */ = {isa = PBXFileReference; explicitFileType = wrapper.application; includeInIndex = 0; path = MartHoliday.app; sourceTree = BUILT_PRODUCTS_DIR; };
		FDB4BE21211D6BAD00D3B264 /* AppDelegate.swift */ = {isa = PBXFileReference; lastKnownFileType = sourcecode.swift; path = AppDelegate.swift; sourceTree = "<group>"; };
		FDB4BE23211D6BAD00D3B264 /* MartSelectViewController.swift */ = {isa = PBXFileReference; lastKnownFileType = sourcecode.swift; path = MartSelectViewController.swift; sourceTree = "<group>"; };
		FDB4BE26211D6BAD00D3B264 /* Base */ = {isa = PBXFileReference; lastKnownFileType = file.storyboard; name = Base; path = Base.lproj/Main.storyboard; sourceTree = "<group>"; };
		FDB4BE28211D6BAE00D3B264 /* Assets.xcassets */ = {isa = PBXFileReference; lastKnownFileType = folder.assetcatalog; path = Assets.xcassets; sourceTree = "<group>"; };
		FDB4BE2B211D6BAE00D3B264 /* Base */ = {isa = PBXFileReference; lastKnownFileType = file.storyboard; name = Base; path = Base.lproj/LaunchScreen.storyboard; sourceTree = "<group>"; };
		FDB4BE2D211D6BAE00D3B264 /* Info.plist */ = {isa = PBXFileReference; lastKnownFileType = text.plist.xml; path = Info.plist; sourceTree = "<group>"; };
		FDBF9A4721240911001C2DAA /* DataStorage.swift */ = {isa = PBXFileReference; lastKnownFileType = sourcecode.swift; path = DataStorage.swift; sourceTree = "<group>"; };
		FDBF9A49212414A9001C2DAA /* FavoriteList.swift */ = {isa = PBXFileReference; lastKnownFileType = sourcecode.swift; path = FavoriteList.swift; sourceTree = "<group>"; };
		FDC2A941212458F400A1E2FF /* Extensions.swift */ = {isa = PBXFileReference; lastKnownFileType = sourcecode.swift; path = Extensions.swift; sourceTree = "<group>"; };
		FDC3461A2136618E00F6D6FF /* MapSetter.swift */ = {isa = PBXFileReference; lastKnownFileType = sourcecode.swift; path = MapSetter.swift; sourceTree = "<group>"; };
		FDC3461C2136708400F6D6FF /* AddressDatum.swift */ = {isa = PBXFileReference; lastKnownFileType = sourcecode.swift; path = AddressDatum.swift; sourceTree = "<group>"; };
		FDCB9E8A212566F1006281CB /* MainViewController.swift */ = {isa = PBXFileReference; lastKnownFileType = sourcecode.swift; path = MainViewController.swift; sourceTree = "<group>"; };
		FDF8058221315DC200B22356 /* HolidaysCell.swift */ = {isa = PBXFileReference; lastKnownFileType = sourcecode.swift; path = HolidaysCell.swift; sourceTree = "<group>"; };
		FDFB0344212E7AF10092411E /* MartHoliday.entitlements */ = {isa = PBXFileReference; lastKnownFileType = text.plist.entitlements; path = MartHoliday.entitlements; sourceTree = "<group>"; };
		FDFB0345212E930E0092411E /* FavoriteCell.swift */ = {isa = PBXFileReference; lastKnownFileType = sourcecode.swift; path = FavoriteCell.swift; sourceTree = "<group>"; };
/* End PBXFileReference section */

/* Begin PBXFrameworksBuildPhase section */
		FD02025C2146517B0083BE22 /* Frameworks */ = {
			isa = PBXFrameworksBuildPhase;
			buildActionMask = 2147483647;
			files = (
				4D644265BB133FC0E727B5D4 /* Pods_MartHolidayTests.framework in Frameworks */,
			);
			runOnlyForDeploymentPostprocessing = 0;
		};
		FDB4BE1B211D6BAD00D3B264 /* Frameworks */ = {
			isa = PBXFrameworksBuildPhase;
			buildActionMask = 2147483647;
			files = (
				FD3B64292121BEDD003C1332 /* NMapViewerSDK.framework in Frameworks */,
				FD3B64242121BEAA003C1332 /* ApiGatewayMac.framework in Frameworks */,
				460B7E50883D5C58F79DDD97 /* Pods_MartHoliday.framework in Frameworks */,
			);
			runOnlyForDeploymentPostprocessing = 0;
		};
/* End PBXFrameworksBuildPhase section */

/* Begin PBXGroup section */
		B0917C9021D076F617634C8C /* Pods */ = {
			isa = PBXGroup;
			children = (
				42BB0559CA154986E3EBAD98 /* Pods-MartHoliday.debug.xcconfig */,
				63985991677D1CC39462408B /* Pods-MartHoliday.release.xcconfig */,
				D2A84150BED7895841275DB5 /* Pods-MartHolidayTests.debug.xcconfig */,
				A952FB47A8AE1C6D4170F2F3 /* Pods-MartHolidayTests.release.xcconfig */,
			);
			name = Pods;
			sourceTree = "<group>";
		};
		FD0202602146517B0083BE22 /* MartHolidayTests */ = {
			isa = PBXGroup;
			children = (
				FD0202612146517B0083BE22 /* MartHolidayTests.swift */,
				FD0202632146517B0083BE22 /* Info.plist */,
			);
			path = MartHolidayTests;
			sourceTree = "<group>";
		};
		FD1B4F1F2126BB4900946311 /* View */ = {
			isa = PBXGroup;
			children = (
				FD11EAE221203A4C003EB3E9 /* BranchTableViewCell.swift */,
				FD1B4F202126BB8B00946311 /* SlideBackgroundView.swift */,
				FD1B4F222126BBD200946311 /* SlideTopView.swift */,
				FD4850F1212843FB0064747A /* SlideMenu.swift */,
				FD4850F3212869AF0064747A /* SlideMenuCell.swift */,
				FDFB0345212E930E0092411E /* FavoriteCell.swift */,
				FDF8058221315DC200B22356 /* HolidaysCell.swift */,
				FD4DDC8F21412294004E981F /* SelectionTableViewCell.swift */,
			);
			path = View;
			sourceTree = "<group>";
		};
		FD391C51212025DB004C4A65 /* ViewController */ = {
			isa = PBXGroup;
			children = (
				FDCB9E8A212566F1006281CB /* MainViewController.swift */,
				FD1CC4E0211DF76300B21E09 /* DetailViewController.swift */,
				FDB4BE23211D6BAD00D3B264 /* MartSelectViewController.swift */,
				FD1CC4DE211DF10A00B21E09 /* SearchViewController.swift */,
				FD780D76212F185600B569B3 /* SlideMenuManager.swift */,
			);
			path = ViewController;
			sourceTree = "<group>";
		};
		FD3B64272121BEDD003C1332 /* Frameworks */ = {
			isa = PBXGroup;
			children = (
				FD3B64282121BEDD003C1332 /* NMapViewerSDK.framework */,
				911AAA1B6BE368358930D098 /* Pods_MartHoliday.framework */,
				1A65D9831135D5A77156023F /* Pods_MartHolidayTests.framework */,
			);
			name = Frameworks;
			sourceTree = "<group>";
		};
		FD9F40A1211ECAE2007D7F1B /* Model */ = {
			isa = PBXGroup;
			children = (
				FD9F409D211EC0C8007D7F1B /* DataDecoder.swift */,
				FD228F372142EB1A0062B75F /* BranchList.swift */,
				FD9F409B211EBFAF007D7F1B /* BranchRawData.swift */,
				FDC3461C2136708400F6D6FF /* AddressDatum.swift */,
				FDBF9A4721240911001C2DAA /* DataStorage.swift */,
				FDBF9A49212414A9001C2DAA /* FavoriteList.swift */,
				FD48E1BE212BF57B00FC05D9 /* MenuData.swift */,
				FDC3461A2136618E00F6D6FF /* MapSetter.swift */,
				FD37C0A5213BEC52007E6E7A /* HolidaysCollectionViewManager.swift */,
				FD4DDC8D21411236004E981F /* DataSetter.swift */,
			);
			path = Model;
			sourceTree = "<group>";
		};
		FD9F40A2211ECB26007D7F1B /* Utility */ = {
			isa = PBXGroup;
			children = (
				FD9F409F211EC5EA007D7F1B /* Keywords.swift */,
				FDC2A941212458F400A1E2FF /* Extensions.swift */,
			);
			path = Utility;
			sourceTree = "<group>";
		};
		FDAF601A21273D9F0006B68A /* fonts */ = {
			isa = PBXGroup;
			children = (
				FDAF601C21273E880006B68A /* NanumSquareRoundOTFB.otf */,
				FDAF601E21273E880006B68A /* NanumSquareRoundOTFEB.otf */,
				FDAF601B21273E880006B68A /* NanumSquareRoundOTFL.otf */,
				FDAF601D21273E880006B68A /* NanumSquareRoundOTFR.otf */,
			);
			path = fonts;
			sourceTree = "<group>";
		};
		FDB4BE15211D6BAD00D3B264 = {
			isa = PBXGroup;
			children = (
				FDB4BE20211D6BAD00D3B264 /* MartHoliday */,
				FD0202602146517B0083BE22 /* MartHolidayTests */,
				FDB4BE1F211D6BAD00D3B264 /* Products */,
				FD3B64232121BEAA003C1332 /* ApiGatewayMac.framework */,
				FD3B64272121BEDD003C1332 /* Frameworks */,
				B0917C9021D076F617634C8C /* Pods */,
			);
			sourceTree = "<group>";
		};
		FDB4BE1F211D6BAD00D3B264 /* Products */ = {
			isa = PBXGroup;
			children = (
				FDB4BE1E211D6BAD00D3B264 /* MartHoliday.app */,
				FD02025F2146517B0083BE22 /* MartHolidayTests.xctest */,
			);
			name = Products;
			sourceTree = "<group>";
		};
		FDB4BE20211D6BAD00D3B264 /* MartHoliday */ = {
			isa = PBXGroup;
			children = (
				FDFB0344212E7AF10092411E /* MartHoliday.entitlements */,
				FDB4BE21211D6BAD00D3B264 /* AppDelegate.swift */,
				FD86712221458FCB00273B3C /* StarButton.swift */,
				FD1B4F1F2126BB4900946311 /* View */,
				FD391C51212025DB004C4A65 /* ViewController */,
				FD9F40A1211ECAE2007D7F1B /* Model */,
				FD9F40A2211ECB26007D7F1B /* Utility */,
				FDAF601A21273D9F0006B68A /* fonts */,
				FDB4BE25211D6BAD00D3B264 /* Main.storyboard */,
				FD4850F521287AFE0064747A /* SlideMenuCellView.xib */,
				FD1B4F242126C0FA00946311 /* SlideMenuView.xib */,
				FDB4BE2A211D6BAE00D3B264 /* LaunchScreen.storyboard */,
				FDB4BE28211D6BAE00D3B264 /* Assets.xcassets */,
				FDB4BE2D211D6BAE00D3B264 /* Info.plist */,
				FD7DA865214981DA0070B25B /* GoogleService-Info.plist */,
				FD52566E21353C9C0014070E /* KeyInfo.plist */,
				FD3B642E2122A4FF003C1332 /* NMapViewResources.swift */,
				FD3B642B2121C3FB003C1332 /* Header.h */,
			);
			path = MartHoliday;
			sourceTree = "<group>";
		};
/* End PBXGroup section */

/* Begin PBXNativeTarget section */
		FD02025E2146517B0083BE22 /* MartHolidayTests */ = {
			isa = PBXNativeTarget;
			buildConfigurationList = FD0202662146517B0083BE22 /* Build configuration list for PBXNativeTarget "MartHolidayTests" */;
			buildPhases = (
				A2941B5A4530CD89F3490E62 /* [CP] Check Pods Manifest.lock */,
				FD02025B2146517B0083BE22 /* Sources */,
				FD02025C2146517B0083BE22 /* Frameworks */,
				FD02025D2146517B0083BE22 /* Resources */,
			);
			buildRules = (
			);
			dependencies = (
				FD0202652146517B0083BE22 /* PBXTargetDependency */,
			);
			name = MartHolidayTests;
			productName = MartHolidayTests;
			productReference = FD02025F2146517B0083BE22 /* MartHolidayTests.xctest */;
			productType = "com.apple.product-type.bundle.unit-test";
		};
		FDB4BE1D211D6BAD00D3B264 /* MartHoliday */ = {
			isa = PBXNativeTarget;
			buildConfigurationList = FDB4BE30211D6BAE00D3B264 /* Build configuration list for PBXNativeTarget "MartHoliday" */;
			buildPhases = (
				17BC1F819E5CF9A81B80231B /* [CP] Check Pods Manifest.lock */,
				FDB4BE1A211D6BAD00D3B264 /* Sources */,
				FDB4BE1B211D6BAD00D3B264 /* Frameworks */,
				FDB4BE1C211D6BAD00D3B264 /* Resources */,
				FD3B64262121BEAA003C1332 /* Embed Frameworks */,
				FD3B642A2121C316003C1332 /* ShellScript */,
				78728324D64945C492FCEA92 /* [CP] Embed Pods Frameworks */,
			);
			buildRules = (
			);
			dependencies = (
			);
			name = MartHoliday;
			productName = MartHoliday;
			productReference = FDB4BE1E211D6BAD00D3B264 /* MartHoliday.app */;
			productType = "com.apple.product-type.application";
		};
/* End PBXNativeTarget section */

/* Begin PBXProject section */
		FDB4BE16211D6BAD00D3B264 /* Project object */ = {
			isa = PBXProject;
			attributes = {
				LastSwiftUpdateCheck = 0940;
				LastUpgradeCheck = 0940;
				ORGANIZATIONNAME = JINiOS;
				TargetAttributes = {
					FD02025E2146517B0083BE22 = {
						CreatedOnToolsVersion = 9.4.1;
						TestTargetID = FDB4BE1D211D6BAD00D3B264;
					};
					FDB4BE1D211D6BAD00D3B264 = {
						CreatedOnToolsVersion = 9.4.1;
						SystemCapabilities = {
							com.apple.BackgroundModes = {
								enabled = 1;
							};
							com.apple.Push = {
								enabled = 1;
							};
						};
					};
				};
			};
			buildConfigurationList = FDB4BE19211D6BAD00D3B264 /* Build configuration list for PBXProject "MartHoliday" */;
			compatibilityVersion = "Xcode 9.3";
			developmentRegion = en;
			hasScannedForEncodings = 0;
			knownRegions = (
				en,
				Base,
			);
			mainGroup = FDB4BE15211D6BAD00D3B264;
			productRefGroup = FDB4BE1F211D6BAD00D3B264 /* Products */;
			projectDirPath = "";
			projectRoot = "";
			targets = (
				FDB4BE1D211D6BAD00D3B264 /* MartHoliday */,
				FD02025E2146517B0083BE22 /* MartHolidayTests */,
			);
		};
/* End PBXProject section */

/* Begin PBXResourcesBuildPhase section */
		FD02025D2146517B0083BE22 /* Resources */ = {
			isa = PBXResourcesBuildPhase;
			buildActionMask = 2147483647;
			files = (
			);
			runOnlyForDeploymentPostprocessing = 0;
		};
		FDB4BE1C211D6BAD00D3B264 /* Resources */ = {
			isa = PBXResourcesBuildPhase;
			buildActionMask = 2147483647;
			files = (
				FDAF602221273E880006B68A /* NanumSquareRoundOTFEB.otf in Resources */,
				FDAF602021273E880006B68A /* NanumSquareRoundOTFB.otf in Resources */,
				FDAF602121273E880006B68A /* NanumSquareRoundOTFR.otf in Resources */,
				FDB4BE2C211D6BAE00D3B264 /* LaunchScreen.storyboard in Resources */,
				FD52566F21353C9C0014070E /* KeyInfo.plist in Resources */,
				FDAF601F21273E880006B68A /* NanumSquareRoundOTFL.otf in Resources */,
				FDB4BE29211D6BAE00D3B264 /* Assets.xcassets in Resources */,
				FDB4BE27211D6BAD00D3B264 /* Main.storyboard in Resources */,
				FD7DA866214981DB0070B25B /* GoogleService-Info.plist in Resources */,
				FD1B4F252126C0FA00946311 /* SlideMenuView.xib in Resources */,
				FD4850F621287AFE0064747A /* SlideMenuCellView.xib in Resources */,
			);
			runOnlyForDeploymentPostprocessing = 0;
		};
/* End PBXResourcesBuildPhase section */

/* Begin PBXShellScriptBuildPhase section */
		17BC1F819E5CF9A81B80231B /* [CP] Check Pods Manifest.lock */ = {
			isa = PBXShellScriptBuildPhase;
			buildActionMask = 2147483647;
			files = (
			);
			inputPaths = (
				"${PODS_PODFILE_DIR_PATH}/Podfile.lock",
				"${PODS_ROOT}/Manifest.lock",
			);
			name = "[CP] Check Pods Manifest.lock";
			outputPaths = (
				"$(DERIVED_FILE_DIR)/Pods-MartHoliday-checkManifestLockResult.txt",
			);
			runOnlyForDeploymentPostprocessing = 0;
			shellPath = /bin/sh;
			shellScript = "diff \"${PODS_PODFILE_DIR_PATH}/Podfile.lock\" \"${PODS_ROOT}/Manifest.lock\" > /dev/null\nif [ $? != 0 ] ; then\n    # print error to STDERR\n    echo \"error: The sandbox is not in sync with the Podfile.lock. Run 'pod install' or update your CocoaPods installation.\" >&2\n    exit 1\nfi\n# This output is used by Xcode 'outputs' to avoid re-running this script phase.\necho \"SUCCESS\" > \"${SCRIPT_OUTPUT_FILE_0}\"\n";
			showEnvVarsInLog = 0;
		};
		78728324D64945C492FCEA92 /* [CP] Embed Pods Frameworks */ = {
			isa = PBXShellScriptBuildPhase;
			buildActionMask = 2147483647;
			files = (
			);
			inputPaths = (
				"${SRCROOT}/Pods/Target Support Files/Pods-MartHoliday/Pods-MartHoliday-frameworks.sh",
				"${BUILT_PRODUCTS_DIR}/GoogleToolboxForMac/GoogleToolboxForMac.framework",
				"${BUILT_PRODUCTS_DIR}/Protobuf/Protobuf.framework",
				"${BUILT_PRODUCTS_DIR}/nanopb/nanopb.framework",
			);
			name = "[CP] Embed Pods Frameworks";
			outputPaths = (
				"${TARGET_BUILD_DIR}/${FRAMEWORKS_FOLDER_PATH}/GoogleToolboxForMac.framework",
				"${TARGET_BUILD_DIR}/${FRAMEWORKS_FOLDER_PATH}/Protobuf.framework",
				"${TARGET_BUILD_DIR}/${FRAMEWORKS_FOLDER_PATH}/nanopb.framework",
			);
			runOnlyForDeploymentPostprocessing = 0;
			shellPath = /bin/sh;
			shellScript = "\"${SRCROOT}/Pods/Target Support Files/Pods-MartHoliday/Pods-MartHoliday-frameworks.sh\"\n";
			showEnvVarsInLog = 0;
		};
		A2941B5A4530CD89F3490E62 /* [CP] Check Pods Manifest.lock */ = {
			isa = PBXShellScriptBuildPhase;
			buildActionMask = 2147483647;
			files = (
			);
			inputPaths = (
				"${PODS_PODFILE_DIR_PATH}/Podfile.lock",
				"${PODS_ROOT}/Manifest.lock",
			);
			name = "[CP] Check Pods Manifest.lock";
			outputPaths = (
				"$(DERIVED_FILE_DIR)/Pods-MartHolidayTests-checkManifestLockResult.txt",
			);
			runOnlyForDeploymentPostprocessing = 0;
			shellPath = /bin/sh;
			shellScript = "diff \"${PODS_PODFILE_DIR_PATH}/Podfile.lock\" \"${PODS_ROOT}/Manifest.lock\" > /dev/null\nif [ $? != 0 ] ; then\n    # print error to STDERR\n    echo \"error: The sandbox is not in sync with the Podfile.lock. Run 'pod install' or update your CocoaPods installation.\" >&2\n    exit 1\nfi\n# This output is used by Xcode 'outputs' to avoid re-running this script phase.\necho \"SUCCESS\" > \"${SCRIPT_OUTPUT_FILE_0}\"\n";
			showEnvVarsInLog = 0;
		};
		FD3B642A2121C316003C1332 /* ShellScript */ = {
			isa = PBXShellScriptBuildPhase;
			buildActionMask = 2147483647;
			files = (
			);
			inputPaths = (
			);
			outputPaths = (
			);
			runOnlyForDeploymentPostprocessing = 0;
			shellPath = /bin/sh;
			shellScript = "/Users/jeonmijin/Desktop/maps.ios-master/Scripts/strip-frameworks.sh";
		};
/* End PBXShellScriptBuildPhase section */

/* Begin PBXSourcesBuildPhase section */
		FD02025B2146517B0083BE22 /* Sources */ = {
			isa = PBXSourcesBuildPhase;
			buildActionMask = 2147483647;
			files = (
				FD0202852146559B0083BE22 /* DataDecoder.swift in Sources */,
				FD0202862146559B0083BE22 /* BranchList.swift in Sources */,
				FD0202872146559B0083BE22 /* BranchRawData.swift in Sources */,
				FD0202912146565C0083BE22 /* MartHolidayTests.swift in Sources */,
				FD0202882146559B0083BE22 /* AddressDatum.swift in Sources */,
				FD0202892146559B0083BE22 /* DataStorage.swift in Sources */,
				FD02028A2146559B0083BE22 /* FavoriteList.swift in Sources */,
				FD02028B2146559B0083BE22 /* MenuData.swift in Sources */,
				FD02028C2146559B0083BE22 /* MapSetter.swift in Sources */,
				FD02028E2146559B0083BE22 /* DataSetter.swift in Sources */,
				FD02028F2146559B0083BE22 /* Keywords.swift in Sources */,
				FD0202902146559B0083BE22 /* Extensions.swift in Sources */,
			);
			runOnlyForDeploymentPostprocessing = 0;
		};
		FDB4BE1A211D6BAD00D3B264 /* Sources */ = {
			isa = PBXSourcesBuildPhase;
			buildActionMask = 2147483647;
			files = (
				FD9F409E211EC0C8007D7F1B /* DataDecoder.swift in Sources */,
				FD48E1BF212BF57B00FC05D9 /* MenuData.swift in Sources */,
				FD1CC4DF211DF10A00B21E09 /* SearchViewController.swift in Sources */,
				FDBF9A4821240911001C2DAA /* DataStorage.swift in Sources */,
				FD1B4F212126BB8B00946311 /* SlideBackgroundView.swift in Sources */,
				FD9F40A0211EC5EA007D7F1B /* Keywords.swift in Sources */,
				FDC3461D2136708400F6D6FF /* AddressDatum.swift in Sources */,
				FDB4BE24211D6BAD00D3B264 /* MartSelectViewController.swift in Sources */,
				FD1B4F232126BBD200946311 /* SlideTopView.swift in Sources */,
				FD4DDC8E21411236004E981F /* DataSetter.swift in Sources */,
				FDF8058321315DC200B22356 /* HolidaysCell.swift in Sources */,
				FD4850F2212843FB0064747A /* SlideMenu.swift in Sources */,
				FD86712321458FCB00273B3C /* StarButton.swift in Sources */,
				FD3B642F2122A4FF003C1332 /* NMapViewResources.swift in Sources */,
				FDC3461B2136618E00F6D6FF /* MapSetter.swift in Sources */,
				FD020295214658EA0083BE22 /* HolidaysCollectionViewManager.swift in Sources */,
				FD780D77212F185600B569B3 /* SlideMenuManager.swift in Sources */,
				FD4850F4212869AF0064747A /* SlideMenuCell.swift in Sources */,
				FDCB9E8B212566F1006281CB /* MainViewController.swift in Sources */,
				FD9F409C211EBFAF007D7F1B /* BranchRawData.swift in Sources */,
				FDC2A942212458F400A1E2FF /* Extensions.swift in Sources */,
				FDB4BE22211D6BAD00D3B264 /* AppDelegate.swift in Sources */,
				FDBF9A4A212414A9001C2DAA /* FavoriteList.swift in Sources */,
				FDFB0346212E930E0092411E /* FavoriteCell.swift in Sources */,
				FD4DDC9021412294004E981F /* SelectionTableViewCell.swift in Sources */,
				FD228F382142EB1A0062B75F /* BranchList.swift in Sources */,
				FD1CC4E1211DF76300B21E09 /* DetailViewController.swift in Sources */,
				FD11EAE321203A4C003EB3E9 /* BranchTableViewCell.swift in Sources */,
			);
			runOnlyForDeploymentPostprocessing = 0;
		};
/* End PBXSourcesBuildPhase section */

/* Begin PBXTargetDependency section */
		FD0202652146517B0083BE22 /* PBXTargetDependency */ = {
			isa = PBXTargetDependency;
			target = FDB4BE1D211D6BAD00D3B264 /* MartHoliday */;
			targetProxy = FD0202642146517B0083BE22 /* PBXContainerItemProxy */;
		};
/* End PBXTargetDependency section */

/* Begin PBXVariantGroup section */
		FDB4BE25211D6BAD00D3B264 /* Main.storyboard */ = {
			isa = PBXVariantGroup;
			children = (
				FDB4BE26211D6BAD00D3B264 /* Base */,
			);
			name = Main.storyboard;
			sourceTree = "<group>";
		};
		FDB4BE2A211D6BAE00D3B264 /* LaunchScreen.storyboard */ = {
			isa = PBXVariantGroup;
			children = (
				FDB4BE2B211D6BAE00D3B264 /* Base */,
			);
			name = LaunchScreen.storyboard;
			sourceTree = "<group>";
		};
/* End PBXVariantGroup section */

/* Begin XCBuildConfiguration section */
		FD0202672146517B0083BE22 /* Debug */ = {
			isa = XCBuildConfiguration;
			baseConfigurationReference = D2A84150BED7895841275DB5 /* Pods-MartHolidayTests.debug.xcconfig */;
			buildSettings = {
				BUNDLE_LOADER = "$(TEST_HOST)";
				CODE_SIGN_STYLE = Automatic;
				DEVELOPMENT_TEAM = B3PWYBKFUK;
				INFOPLIST_FILE = MartHolidayTests/Info.plist;
				IPHONEOS_DEPLOYMENT_TARGET = 11.4;
				LD_RUNPATH_SEARCH_PATHS = (
					"$(inherited)",
					"@executable_path/Frameworks",
					"@loader_path/Frameworks",
				);
				PRODUCT_BUNDLE_IDENTIFIER = com.jinios.MartHolidayTests;
				PRODUCT_NAME = "$(TARGET_NAME)";
				SWIFT_VERSION = 4.0;
				TARGETED_DEVICE_FAMILY = "1,2";
				TEST_HOST = "$(BUILT_PRODUCTS_DIR)/MartHoliday.app/MartHoliday";
			};
			name = Debug;
		};
		FD0202682146517B0083BE22 /* Release */ = {
			isa = XCBuildConfiguration;
			baseConfigurationReference = A952FB47A8AE1C6D4170F2F3 /* Pods-MartHolidayTests.release.xcconfig */;
			buildSettings = {
				BUNDLE_LOADER = "$(TEST_HOST)";
				CODE_SIGN_STYLE = Automatic;
				DEVELOPMENT_TEAM = B3PWYBKFUK;
				INFOPLIST_FILE = MartHolidayTests/Info.plist;
				IPHONEOS_DEPLOYMENT_TARGET = 11.4;
				LD_RUNPATH_SEARCH_PATHS = (
					"$(inherited)",
					"@executable_path/Frameworks",
					"@loader_path/Frameworks",
				);
				PRODUCT_BUNDLE_IDENTIFIER = com.jinios.MartHolidayTests;
				PRODUCT_NAME = "$(TARGET_NAME)";
				SWIFT_VERSION = 4.0;
				TARGETED_DEVICE_FAMILY = "1,2";
				TEST_HOST = "$(BUILT_PRODUCTS_DIR)/MartHoliday.app/MartHoliday";
			};
			name = Release;
		};
		FDB4BE2E211D6BAE00D3B264 /* Debug */ = {
			isa = XCBuildConfiguration;
			buildSettings = {
				ALWAYS_SEARCH_USER_PATHS = NO;
				CLANG_ANALYZER_NONNULL = YES;
				CLANG_ANALYZER_NUMBER_OBJECT_CONVERSION = YES_AGGRESSIVE;
				CLANG_CXX_LANGUAGE_STANDARD = "gnu++14";
				CLANG_CXX_LIBRARY = "libc++";
				CLANG_ENABLE_MODULES = YES;
				CLANG_ENABLE_OBJC_ARC = YES;
				CLANG_ENABLE_OBJC_WEAK = YES;
				CLANG_WARN_BLOCK_CAPTURE_AUTORELEASING = YES;
				CLANG_WARN_BOOL_CONVERSION = YES;
				CLANG_WARN_COMMA = YES;
				CLANG_WARN_CONSTANT_CONVERSION = YES;
				CLANG_WARN_DEPRECATED_OBJC_IMPLEMENTATIONS = YES;
				CLANG_WARN_DIRECT_OBJC_ISA_USAGE = YES_ERROR;
				CLANG_WARN_DOCUMENTATION_COMMENTS = YES;
				CLANG_WARN_EMPTY_BODY = YES;
				CLANG_WARN_ENUM_CONVERSION = YES;
				CLANG_WARN_INFINITE_RECURSION = YES;
				CLANG_WARN_INT_CONVERSION = YES;
				CLANG_WARN_NON_LITERAL_NULL_CONVERSION = YES;
				CLANG_WARN_OBJC_IMPLICIT_RETAIN_SELF = YES;
				CLANG_WARN_OBJC_LITERAL_CONVERSION = YES;
				CLANG_WARN_OBJC_ROOT_CLASS = YES_ERROR;
				CLANG_WARN_RANGE_LOOP_ANALYSIS = YES;
				CLANG_WARN_STRICT_PROTOTYPES = YES;
				CLANG_WARN_SUSPICIOUS_MOVE = YES;
				CLANG_WARN_UNGUARDED_AVAILABILITY = YES_AGGRESSIVE;
				CLANG_WARN_UNREACHABLE_CODE = YES;
				CLANG_WARN__DUPLICATE_METHOD_MATCH = YES;
				CODE_SIGN_IDENTITY = "iPhone Developer";
				COPY_PHASE_STRIP = NO;
				DEBUG_INFORMATION_FORMAT = dwarf;
				ENABLE_STRICT_OBJC_MSGSEND = YES;
				ENABLE_TESTABILITY = YES;
				GCC_C_LANGUAGE_STANDARD = gnu11;
				GCC_DYNAMIC_NO_PIC = NO;
				GCC_NO_COMMON_BLOCKS = YES;
				GCC_OPTIMIZATION_LEVEL = 0;
				GCC_PREPROCESSOR_DEFINITIONS = (
					"DEBUG=1",
					"$(inherited)",
				);
				GCC_WARN_64_TO_32_BIT_CONVERSION = YES;
				GCC_WARN_ABOUT_RETURN_TYPE = YES_ERROR;
				GCC_WARN_UNDECLARED_SELECTOR = YES;
				GCC_WARN_UNINITIALIZED_AUTOS = YES_AGGRESSIVE;
				GCC_WARN_UNUSED_FUNCTION = YES;
				GCC_WARN_UNUSED_VARIABLE = YES;
				IPHONEOS_DEPLOYMENT_TARGET = 11.3;
				MTL_ENABLE_DEBUG_INFO = YES;
				ONLY_ACTIVE_ARCH = YES;
				OTHER_LDFLAGS = (
					"-ObjC",
					"-lxml2",
				);
				SDKROOT = iphoneos;
				SWIFT_ACTIVE_COMPILATION_CONDITIONS = DEBUG;
				SWIFT_OPTIMIZATION_LEVEL = "-Onone";
			};
			name = Debug;
		};
		FDB4BE2F211D6BAE00D3B264 /* Release */ = {
			isa = XCBuildConfiguration;
			buildSettings = {
				ALWAYS_SEARCH_USER_PATHS = NO;
				CLANG_ANALYZER_NONNULL = YES;
				CLANG_ANALYZER_NUMBER_OBJECT_CONVERSION = YES_AGGRESSIVE;
				CLANG_CXX_LANGUAGE_STANDARD = "gnu++14";
				CLANG_CXX_LIBRARY = "libc++";
				CLANG_ENABLE_MODULES = YES;
				CLANG_ENABLE_OBJC_ARC = YES;
				CLANG_ENABLE_OBJC_WEAK = YES;
				CLANG_WARN_BLOCK_CAPTURE_AUTORELEASING = YES;
				CLANG_WARN_BOOL_CONVERSION = YES;
				CLANG_WARN_COMMA = YES;
				CLANG_WARN_CONSTANT_CONVERSION = YES;
				CLANG_WARN_DEPRECATED_OBJC_IMPLEMENTATIONS = YES;
				CLANG_WARN_DIRECT_OBJC_ISA_USAGE = YES_ERROR;
				CLANG_WARN_DOCUMENTATION_COMMENTS = YES;
				CLANG_WARN_EMPTY_BODY = YES;
				CLANG_WARN_ENUM_CONVERSION = YES;
				CLANG_WARN_INFINITE_RECURSION = YES;
				CLANG_WARN_INT_CONVERSION = YES;
				CLANG_WARN_NON_LITERAL_NULL_CONVERSION = YES;
				CLANG_WARN_OBJC_IMPLICIT_RETAIN_SELF = YES;
				CLANG_WARN_OBJC_LITERAL_CONVERSION = YES;
				CLANG_WARN_OBJC_ROOT_CLASS = YES_ERROR;
				CLANG_WARN_RANGE_LOOP_ANALYSIS = YES;
				CLANG_WARN_STRICT_PROTOTYPES = YES;
				CLANG_WARN_SUSPICIOUS_MOVE = YES;
				CLANG_WARN_UNGUARDED_AVAILABILITY = YES_AGGRESSIVE;
				CLANG_WARN_UNREACHABLE_CODE = YES;
				CLANG_WARN__DUPLICATE_METHOD_MATCH = YES;
				CODE_SIGN_IDENTITY = "iPhone Developer";
				COPY_PHASE_STRIP = NO;
				DEBUG_INFORMATION_FORMAT = "dwarf-with-dsym";
				ENABLE_NS_ASSERTIONS = NO;
				ENABLE_STRICT_OBJC_MSGSEND = YES;
				GCC_C_LANGUAGE_STANDARD = gnu11;
				GCC_NO_COMMON_BLOCKS = YES;
				GCC_WARN_64_TO_32_BIT_CONVERSION = YES;
				GCC_WARN_ABOUT_RETURN_TYPE = YES_ERROR;
				GCC_WARN_UNDECLARED_SELECTOR = YES;
				GCC_WARN_UNINITIALIZED_AUTOS = YES_AGGRESSIVE;
				GCC_WARN_UNUSED_FUNCTION = YES;
				GCC_WARN_UNUSED_VARIABLE = YES;
				IPHONEOS_DEPLOYMENT_TARGET = 11.3;
				MTL_ENABLE_DEBUG_INFO = NO;
				OTHER_LDFLAGS = (
					"-ObjC",
					"-lxml2",
				);
				SDKROOT = iphoneos;
				SWIFT_COMPILATION_MODE = wholemodule;
				SWIFT_OPTIMIZATION_LEVEL = "-O";
				VALIDATE_PRODUCT = YES;
			};
			name = Release;
		};
		FDB4BE31211D6BAE00D3B264 /* Debug */ = {
			isa = XCBuildConfiguration;
			baseConfigurationReference = 42BB0559CA154986E3EBAD98 /* Pods-MartHoliday.debug.xcconfig */;
			buildSettings = {
				ALWAYS_EMBED_SWIFT_STANDARD_LIBRARIES = YES;
				ASSETCATALOG_COMPILER_APPICON_NAME = AppIcon;
				CODE_SIGN_ENTITLEMENTS = MartHoliday/MartHoliday.entitlements;
				CODE_SIGN_STYLE = Automatic;
				DEVELOPMENT_TEAM = B3PWYBKFUK;
				FRAMEWORK_SEARCH_PATHS = (
					"$(inherited)",
					"$(PROJECT_DIR)",
					"/Users/jeonmijin/Desktop/maps.ios-master/Frameworks",
				);
				INFOPLIST_FILE = MartHoliday/Info.plist;
				IPHONEOS_DEPLOYMENT_TARGET = 11.3;
				LD_RUNPATH_SEARCH_PATHS = (
					"$(inherited)",
					"@executable_path/Frameworks",
				);
				PRODUCT_BUNDLE_IDENTIFIER = com.jinios.MartHoliday;
				PRODUCT_NAME = "$(TARGET_NAME)";
				SWIFT_OBJC_BRIDGING_HEADER = /Users/jeonmijin/Documents/iOS/workspace/MartHoliday/MartHoliday/MartHoliday/Header.h;
				SWIFT_VERSION = 4.0;
				TARGETED_DEVICE_FAMILY = "1,2";
			};
			name = Debug;
		};
		FDB4BE32211D6BAE00D3B264 /* Release */ = {
			isa = XCBuildConfiguration;
			baseConfigurationReference = 63985991677D1CC39462408B /* Pods-MartHoliday.release.xcconfig */;
			buildSettings = {
				ALWAYS_EMBED_SWIFT_STANDARD_LIBRARIES = YES;
				ASSETCATALOG_COMPILER_APPICON_NAME = AppIcon;
				CODE_SIGN_ENTITLEMENTS = MartHoliday/MartHoliday.entitlements;
				CODE_SIGN_STYLE = Automatic;
				DEVELOPMENT_TEAM = B3PWYBKFUK;
				FRAMEWORK_SEARCH_PATHS = (
					"$(inherited)",
					"$(PROJECT_DIR)",
					"/Users/jeonmijin/Desktop/maps.ios-master/Frameworks",
				);
				INFOPLIST_FILE = MartHoliday/Info.plist;
				IPHONEOS_DEPLOYMENT_TARGET = 11.3;
				LD_RUNPATH_SEARCH_PATHS = (
					"$(inherited)",
					"@executable_path/Frameworks",
				);
				PRODUCT_BUNDLE_IDENTIFIER = com.jinios.MartHoliday;
				PRODUCT_NAME = "$(TARGET_NAME)";
				SWIFT_OBJC_BRIDGING_HEADER = /Users/jeonmijin/Documents/iOS/workspace/MartHoliday/MartHoliday/MartHoliday/Header.h;
				SWIFT_VERSION = 4.0;
				TARGETED_DEVICE_FAMILY = "1,2";
			};
			name = Release;
		};
/* End XCBuildConfiguration section */

/* Begin XCConfigurationList section */
		FD0202662146517B0083BE22 /* Build configuration list for PBXNativeTarget "MartHolidayTests" */ = {
			isa = XCConfigurationList;
			buildConfigurations = (
				FD0202672146517B0083BE22 /* Debug */,
				FD0202682146517B0083BE22 /* Release */,
			);
			defaultConfigurationIsVisible = 0;
			defaultConfigurationName = Release;
		};
		FDB4BE19211D6BAD00D3B264 /* Build configuration list for PBXProject "MartHoliday" */ = {
			isa = XCConfigurationList;
			buildConfigurations = (
				FDB4BE2E211D6BAE00D3B264 /* Debug */,
				FDB4BE2F211D6BAE00D3B264 /* Release */,
			);
			defaultConfigurationIsVisible = 0;
			defaultConfigurationName = Release;
		};
		FDB4BE30211D6BAE00D3B264 /* Build configuration list for PBXNativeTarget "MartHoliday" */ = {
			isa = XCConfigurationList;
			buildConfigurations = (
				FDB4BE31211D6BAE00D3B264 /* Debug */,
				FDB4BE32211D6BAE00D3B264 /* Release */,
			);
			defaultConfigurationIsVisible = 0;
			defaultConfigurationName = Release;
		};
/* End XCConfigurationList section */
	};
	rootObject = FDB4BE16211D6BAD00D3B264 /* Project object */;
}
