// !$*UTF8*$!
{
	archiveVersion = 1;
	classes = {
	};
	objectVersion = 50;
	objects = {

/* Begin PBXBuildFile section */
		FD11EAE321203A4C003EB3E9 /* BranchTableViewCell.swift in Sources */ = {isa = PBXBuildFile; fileRef = FD11EAE221203A4C003EB3E9 /* BranchTableViewCell.swift */; };
		FD1CC4DF211DF10A00B21E09 /* SearchViewController.swift in Sources */ = {isa = PBXBuildFile; fileRef = FD1CC4DE211DF10A00B21E09 /* SearchViewController.swift */; };
		FD1CC4E1211DF76300B21E09 /* DetailViewController.swift in Sources */ = {isa = PBXBuildFile; fileRef = FD1CC4E0211DF76300B21E09 /* DetailViewController.swift */; };
		FD9F409C211EBFAF007D7F1B /* BranchRawData.swift in Sources */ = {isa = PBXBuildFile; fileRef = FD9F409B211EBFAF007D7F1B /* BranchRawData.swift */; };
		FD9F409E211EC0C8007D7F1B /* DataDecoder.swift in Sources */ = {isa = PBXBuildFile; fileRef = FD9F409D211EC0C8007D7F1B /* DataDecoder.swift */; };
		FD9F40A0211EC5EA007D7F1B /* Keywords.swift in Sources */ = {isa = PBXBuildFile; fileRef = FD9F409F211EC5EA007D7F1B /* Keywords.swift */; };
		FDB4BE22211D6BAD00D3B264 /* AppDelegate.swift in Sources */ = {isa = PBXBuildFile; fileRef = FDB4BE21211D6BAD00D3B264 /* AppDelegate.swift */; };
		FDB4BE24211D6BAD00D3B264 /* MartSelectViewController.swift in Sources */ = {isa = PBXBuildFile; fileRef = FDB4BE23211D6BAD00D3B264 /* MartSelectViewController.swift */; };
		FDB4BE27211D6BAD00D3B264 /* Main.storyboard in Resources */ = {isa = PBXBuildFile; fileRef = FDB4BE25211D6BAD00D3B264 /* Main.storyboard */; };
		FDB4BE29211D6BAE00D3B264 /* Assets.xcassets in Resources */ = {isa = PBXBuildFile; fileRef = FDB4BE28211D6BAE00D3B264 /* Assets.xcassets */; };
		FDB4BE2C211D6BAE00D3B264 /* LaunchScreen.storyboard in Resources */ = {isa = PBXBuildFile; fileRef = FDB4BE2A211D6BAE00D3B264 /* LaunchScreen.storyboard */; };
/* End PBXBuildFile section */

/* Begin PBXFileReference section */
		FD11EAE221203A4C003EB3E9 /* BranchTableViewCell.swift */ = {isa = PBXFileReference; lastKnownFileType = sourcecode.swift; path = BranchTableViewCell.swift; sourceTree = "<group>"; };
		FD1CC4DE211DF10A00B21E09 /* SearchViewController.swift */ = {isa = PBXFileReference; lastKnownFileType = sourcecode.swift; path = SearchViewController.swift; sourceTree = "<group>"; };
		FD1CC4E0211DF76300B21E09 /* DetailViewController.swift */ = {isa = PBXFileReference; lastKnownFileType = sourcecode.swift; path = DetailViewController.swift; sourceTree = "<group>"; };
		FD9F409B211EBFAF007D7F1B /* BranchRawData.swift */ = {isa = PBXFileReference; lastKnownFileType = sourcecode.swift; path = BranchRawData.swift; sourceTree = "<group>"; };
		FD9F409D211EC0C8007D7F1B /* DataDecoder.swift */ = {isa = PBXFileReference; lastKnownFileType = sourcecode.swift; path = DataDecoder.swift; sourceTree = "<group>"; };
		FD9F409F211EC5EA007D7F1B /* Keywords.swift */ = {isa = PBXFileReference; lastKnownFileType = sourcecode.swift; path = Keywords.swift; sourceTree = "<group>"; };
		FDB4BE1E211D6BAD00D3B264 /* MartHoliday.app */ = {isa = PBXFileReference; explicitFileType = wrapper.application; includeInIndex = 0; path = MartHoliday.app; sourceTree = BUILT_PRODUCTS_DIR; };
		FDB4BE21211D6BAD00D3B264 /* AppDelegate.swift */ = {isa = PBXFileReference; lastKnownFileType = sourcecode.swift; path = AppDelegate.swift; sourceTree = "<group>"; };
		FDB4BE23211D6BAD00D3B264 /* MartSelectViewController.swift */ = {isa = PBXFileReference; lastKnownFileType = sourcecode.swift; path = MartSelectViewController.swift; sourceTree = "<group>"; };
		FDB4BE26211D6BAD00D3B264 /* Base */ = {isa = PBXFileReference; lastKnownFileType = file.storyboard; name = Base; path = Base.lproj/Main.storyboard; sourceTree = "<group>"; };
		FDB4BE28211D6BAE00D3B264 /* Assets.xcassets */ = {isa = PBXFileReference; lastKnownFileType = folder.assetcatalog; path = Assets.xcassets; sourceTree = "<group>"; };
		FDB4BE2B211D6BAE00D3B264 /* Base */ = {isa = PBXFileReference; lastKnownFileType = file.storyboard; name = Base; path = Base.lproj/LaunchScreen.storyboard; sourceTree = "<group>"; };
		FDB4BE2D211D6BAE00D3B264 /* Info.plist */ = {isa = PBXFileReference; lastKnownFileType = text.plist.xml; path = Info.plist; sourceTree = "<group>"; };
/* End PBXFileReference section */

/* Begin PBXFrameworksBuildPhase section */
		FDB4BE1B211D6BAD00D3B264 /* Frameworks */ = {
			isa = PBXFrameworksBuildPhase;
			buildActionMask = 2147483647;
			files = (
			);
			runOnlyForDeploymentPostprocessing = 0;
		};
/* End PBXFrameworksBuildPhase section */

/* Begin PBXGroup section */
		FD391C51212025DB004C4A65 /* ViewController */ = {
			isa = PBXGroup;
			children = (
				FDB4BE23211D6BAD00D3B264 /* MartSelectViewController.swift */,
				FD1CC4E0211DF76300B21E09 /* DetailViewController.swift */,
				FD1CC4DE211DF10A00B21E09 /* SearchViewController.swift */,
			);
			path = ViewController;
			sourceTree = "<group>";
		};
		FD9F40A1211ECAE2007D7F1B /* Model */ = {
			isa = PBXGroup;
			children = (
				FD9F409B211EBFAF007D7F1B /* BranchRawData.swift */,
				FD9F409D211EC0C8007D7F1B /* DataDecoder.swift */,
			);
			path = Model;
			sourceTree = "<group>";
		};
		FD9F40A2211ECB26007D7F1B /* Utility */ = {
			isa = PBXGroup;
			children = (
				FD9F409F211EC5EA007D7F1B /* Keywords.swift */,
			);
			path = Utility;
			sourceTree = "<group>";
		};
		FDB4BE15211D6BAD00D3B264 = {
			isa = PBXGroup;
			children = (
				FDB4BE20211D6BAD00D3B264 /* MartHoliday */,
				FDB4BE1F211D6BAD00D3B264 /* Products */,
			);
			sourceTree = "<group>";
		};
		FDB4BE1F211D6BAD00D3B264 /* Products */ = {
			isa = PBXGroup;
			children = (
				FDB4BE1E211D6BAD00D3B264 /* MartHoliday.app */,
			);
			name = Products;
			sourceTree = "<group>";
		};
		FDB4BE20211D6BAD00D3B264 /* MartHoliday */ = {
			isa = PBXGroup;
			children = (
				FD391C51212025DB004C4A65 /* ViewController */,
				FD9F40A1211ECAE2007D7F1B /* Model */,
				FD9F40A2211ECB26007D7F1B /* Utility */,
				FDB4BE25211D6BAD00D3B264 /* Main.storyboard */,
				FDB4BE2A211D6BAE00D3B264 /* LaunchScreen.storyboard */,
				FDB4BE28211D6BAE00D3B264 /* Assets.xcassets */,
				FDB4BE21211D6BAD00D3B264 /* AppDelegate.swift */,
				FDB4BE2D211D6BAE00D3B264 /* Info.plist */,
				FD11EAE221203A4C003EB3E9 /* BranchTableViewCell.swift */,
			);
			path = MartHoliday;
			sourceTree = "<group>";
		};
/* End PBXGroup section */

/* Begin PBXNativeTarget section */
		FDB4BE1D211D6BAD00D3B264 /* MartHoliday */ = {
			isa = PBXNativeTarget;
			buildConfigurationList = FDB4BE30211D6BAE00D3B264 /* Build configuration list for PBXNativeTarget "MartHoliday" */;
			buildPhases = (
				FDB4BE1A211D6BAD00D3B264 /* Sources */,
				FDB4BE1B211D6BAD00D3B264 /* Frameworks */,
				FDB4BE1C211D6BAD00D3B264 /* Resources */,
			);
			buildRules = (
			);
			dependencies = (
			);
			name = MartHoliday;
			productName = MartHoliday;
			productReference = FDB4BE1E211D6BAD00D3B264 /* MartHoliday.app */;
			productType = "com.apple.product-type.application";
		};
/* End PBXNativeTarget section */

/* Begin PBXProject section */
		FDB4BE16211D6BAD00D3B264 /* Project object */ = {
			isa = PBXProject;
			attributes = {
				LastSwiftUpdateCheck = 0940;
				LastUpgradeCheck = 0940;
				ORGANIZATIONNAME = JINiOS;
				TargetAttributes = {
					FDB4BE1D211D6BAD00D3B264 = {
						CreatedOnToolsVersion = 9.4.1;
					};
				};
			};
			buildConfigurationList = FDB4BE19211D6BAD00D3B264 /* Build configuration list for PBXProject "MartHoliday" */;
			compatibilityVersion = "Xcode 9.3";
			developmentRegion = en;
			hasScannedForEncodings = 0;
			knownRegions = (
				en,
				Base,
			);
			mainGroup = FDB4BE15211D6BAD00D3B264;
			productRefGroup = FDB4BE1F211D6BAD00D3B264 /* Products */;
			projectDirPath = "";
			projectRoot = "";
			targets = (
				FDB4BE1D211D6BAD00D3B264 /* MartHoliday */,
			);
		};
/* End PBXProject section */

/* Begin PBXResourcesBuildPhase section */
		FDB4BE1C211D6BAD00D3B264 /* Resources */ = {
			isa = PBXResourcesBuildPhase;
			buildActionMask = 2147483647;
			files = (
				FDB4BE2C211D6BAE00D3B264 /* LaunchScreen.storyboard in Resources */,
				FDB4BE29211D6BAE00D3B264 /* Assets.xcassets in Resources */,
				FDB4BE27211D6BAD00D3B264 /* Main.storyboard in Resources */,
			);
			runOnlyForDeploymentPostprocessing = 0;
		};
/* End PBXResourcesBuildPhase section */

/* Begin PBXSourcesBuildPhase section */
		FDB4BE1A211D6BAD00D3B264 /* Sources */ = {
			isa = PBXSourcesBuildPhase;
			buildActionMask = 2147483647;
			files = (
				FD9F409E211EC0C8007D7F1B /* DataDecoder.swift in Sources */,
				FD1CC4DF211DF10A00B21E09 /* SearchViewController.swift in Sources */,
				FD9F40A0211EC5EA007D7F1B /* Keywords.swift in Sources */,
				FDB4BE24211D6BAD00D3B264 /* MartSelectViewController.swift in Sources */,
				FD9F409C211EBFAF007D7F1B /* BranchRawData.swift in Sources */,
				FDB4BE22211D6BAD00D3B264 /* AppDelegate.swift in Sources */,
				FD1CC4E1211DF76300B21E09 /* DetailViewController.swift in Sources */,
				FD11EAE321203A4C003EB3E9 /* BranchTableViewCell.swift in Sources */,
			);
			runOnlyForDeploymentPostprocessing = 0;
		};
/* End PBXSourcesBuildPhase section */

/* Begin PBXVariantGroup section */
		FDB4BE25211D6BAD00D3B264 /* Main.storyboard */ = {
			isa = PBXVariantGroup;
			children = (
				FDB4BE26211D6BAD00D3B264 /* Base */,
			);
			name = Main.storyboard;
			sourceTree = "<group>";
		};
		FDB4BE2A211D6BAE00D3B264 /* LaunchScreen.storyboard */ = {
			isa = PBXVariantGroup;
			children = (
				FDB4BE2B211D6BAE00D3B264 /* Base */,
			);
			name = LaunchScreen.storyboard;
			sourceTree = "<group>";
		};
/* End PBXVariantGroup section */

/* Begin XCBuildConfiguration section */
		FDB4BE2E211D6BAE00D3B264 /* Debug */ = {
			isa = XCBuildConfiguration;
			buildSettings = {
				ALWAYS_SEARCH_USER_PATHS = NO;
				CLANG_ANALYZER_NONNULL = YES;
				CLANG_ANALYZER_NUMBER_OBJECT_CONVERSION = YES_AGGRESSIVE;
				CLANG_CXX_LANGUAGE_STANDARD = "gnu++14";
				CLANG_CXX_LIBRARY = "libc++";
				CLANG_ENABLE_MODULES = YES;
				CLANG_ENABLE_OBJC_ARC = YES;
				CLANG_ENABLE_OBJC_WEAK = YES;
				CLANG_WARN_BLOCK_CAPTURE_AUTORELEASING = YES;
				CLANG_WARN_BOOL_CONVERSION = YES;
				CLANG_WARN_COMMA = YES;
				CLANG_WARN_CONSTANT_CONVERSION = YES;
				CLANG_WARN_DEPRECATED_OBJC_IMPLEMENTATIONS = YES;
				CLANG_WARN_DIRECT_OBJC_ISA_USAGE = YES_ERROR;
				CLANG_WARN_DOCUMENTATION_COMMENTS = YES;
				CLANG_WARN_EMPTY_BODY = YES;
				CLANG_WARN_ENUM_CONVERSION = YES;
				CLANG_WARN_INFINITE_RECURSION = YES;
				CLANG_WARN_INT_CONVERSION = YES;
				CLANG_WARN_NON_LITERAL_NULL_CONVERSION = YES;
				CLANG_WARN_OBJC_IMPLICIT_RETAIN_SELF = YES;
				CLANG_WARN_OBJC_LITERAL_CONVERSION = YES;
				CLANG_WARN_OBJC_ROOT_CLASS = YES_ERROR;
				CLANG_WARN_RANGE_LOOP_ANALYSIS = YES;
				CLANG_WARN_STRICT_PROTOTYPES = YES;
				CLANG_WARN_SUSPICIOUS_MOVE = YES;
				CLANG_WARN_UNGUARDED_AVAILABILITY = YES_AGGRESSIVE;
				CLANG_WARN_UNREACHABLE_CODE = YES;
				CLANG_WARN__DUPLICATE_METHOD_MATCH = YES;
				CODE_SIGN_IDENTITY = "iPhone Developer";
				COPY_PHASE_STRIP = NO;
				DEBUG_INFORMATION_FORMAT = dwarf;
				ENABLE_STRICT_OBJC_MSGSEND = YES;
				ENABLE_TESTABILITY = YES;
				GCC_C_LANGUAGE_STANDARD = gnu11;
				GCC_DYNAMIC_NO_PIC = NO;
				GCC_NO_COMMON_BLOCKS = YES;
				GCC_OPTIMIZATION_LEVEL = 0;
				GCC_PREPROCESSOR_DEFINITIONS = (
					"DEBUG=1",
					"$(inherited)",
				);
				GCC_WARN_64_TO_32_BIT_CONVERSION = YES;
				GCC_WARN_ABOUT_RETURN_TYPE = YES_ERROR;
				GCC_WARN_UNDECLARED_SELECTOR = YES;
				GCC_WARN_UNINITIALIZED_AUTOS = YES_AGGRESSIVE;
				GCC_WARN_UNUSED_FUNCTION = YES;
				GCC_WARN_UNUSED_VARIABLE = YES;
				IPHONEOS_DEPLOYMENT_TARGET = 11.4;
				MTL_ENABLE_DEBUG_INFO = YES;
				ONLY_ACTIVE_ARCH = YES;
				SDKROOT = iphoneos;
				SWIFT_ACTIVE_COMPILATION_CONDITIONS = DEBUG;
				SWIFT_OPTIMIZATION_LEVEL = "-Onone";
			};
			name = Debug;
		};
		FDB4BE2F211D6BAE00D3B264 /* Release */ = {
			isa = XCBuildConfiguration;
			buildSettings = {
				ALWAYS_SEARCH_USER_PATHS = NO;
				CLANG_ANALYZER_NONNULL = YES;
				CLANG_ANALYZER_NUMBER_OBJECT_CONVERSION = YES_AGGRESSIVE;
				CLANG_CXX_LANGUAGE_STANDARD = "gnu++14";
				CLANG_CXX_LIBRARY = "libc++";
				CLANG_ENABLE_MODULES = YES;
				CLANG_ENABLE_OBJC_ARC = YES;
				CLANG_ENABLE_OBJC_WEAK = YES;
				CLANG_WARN_BLOCK_CAPTURE_AUTORELEASING = YES;
				CLANG_WARN_BOOL_CONVERSION = YES;
				CLANG_WARN_COMMA = YES;
				CLANG_WARN_CONSTANT_CONVERSION = YES;
				CLANG_WARN_DEPRECATED_OBJC_IMPLEMENTATIONS = YES;
				CLANG_WARN_DIRECT_OBJC_ISA_USAGE = YES_ERROR;
				CLANG_WARN_DOCUMENTATION_COMMENTS = YES;
				CLANG_WARN_EMPTY_BODY = YES;
				CLANG_WARN_ENUM_CONVERSION = YES;
				CLANG_WARN_INFINITE_RECURSION = YES;
				CLANG_WARN_INT_CONVERSION = YES;
				CLANG_WARN_NON_LITERAL_NULL_CONVERSION = YES;
				CLANG_WARN_OBJC_IMPLICIT_RETAIN_SELF = YES;
				CLANG_WARN_OBJC_LITERAL_CONVERSION = YES;
				CLANG_WARN_OBJC_ROOT_CLASS = YES_ERROR;
				CLANG_WARN_RANGE_LOOP_ANALYSIS = YES;
				CLANG_WARN_STRICT_PROTOTYPES = YES;
				CLANG_WARN_SUSPICIOUS_MOVE = YES;
				CLANG_WARN_UNGUARDED_AVAILABILITY = YES_AGGRESSIVE;
				CLANG_WARN_UNREACHABLE_CODE = YES;
				CLANG_WARN__DUPLICATE_METHOD_MATCH = YES;
				CODE_SIGN_IDENTITY = "iPhone Developer";
				COPY_PHASE_STRIP = NO;
				DEBUG_INFORMATION_FORMAT = "dwarf-with-dsym";
				ENABLE_NS_ASSERTIONS = NO;
				ENABLE_STRICT_OBJC_MSGSEND = YES;
				GCC_C_LANGUAGE_STANDARD = gnu11;
				GCC_NO_COMMON_BLOCKS = YES;
				GCC_WARN_64_TO_32_BIT_CONVERSION = YES;
				GCC_WARN_ABOUT_RETURN_TYPE = YES_ERROR;
				GCC_WARN_UNDECLARED_SELECTOR = YES;
				GCC_WARN_UNINITIALIZED_AUTOS = YES_AGGRESSIVE;
				GCC_WARN_UNUSED_FUNCTION = YES;
				GCC_WARN_UNUSED_VARIABLE = YES;
				IPHONEOS_DEPLOYMENT_TARGET = 11.4;
				MTL_ENABLE_DEBUG_INFO = NO;
				SDKROOT = iphoneos;
				SWIFT_COMPILATION_MODE = wholemodule;
				SWIFT_OPTIMIZATION_LEVEL = "-O";
				VALIDATE_PRODUCT = YES;
			};
			name = Release;
		};
		FDB4BE31211D6BAE00D3B264 /* Debug */ = {
			isa = XCBuildConfiguration;
			buildSettings = {
				ASSETCATALOG_COMPILER_APPICON_NAME = AppIcon;
				CODE_SIGN_STYLE = Automatic;
				DEVELOPMENT_TEAM = B3PWYBKFUK;
				INFOPLIST_FILE = MartHoliday/Info.plist;
				LD_RUNPATH_SEARCH_PATHS = (
					"$(inherited)",
					"@executable_path/Frameworks",
				);
				PRODUCT_BUNDLE_IDENTIFIER = com.jinios.MartHoliday;
				PRODUCT_NAME = "$(TARGET_NAME)";
				SWIFT_VERSION = 4.0;
				TARGETED_DEVICE_FAMILY = "1,2";
			};
			name = Debug;
		};
		FDB4BE32211D6BAE00D3B264 /* Release */ = {
			isa = XCBuildConfiguration;
			buildSettings = {
				ASSETCATALOG_COMPILER_APPICON_NAME = AppIcon;
				CODE_SIGN_STYLE = Automatic;
				DEVELOPMENT_TEAM = B3PWYBKFUK;
				INFOPLIST_FILE = MartHoliday/Info.plist;
				LD_RUNPATH_SEARCH_PATHS = (
					"$(inherited)",
					"@executable_path/Frameworks",
				);
				PRODUCT_BUNDLE_IDENTIFIER = com.jinios.MartHoliday;
				PRODUCT_NAME = "$(TARGET_NAME)";
				SWIFT_VERSION = 4.0;
				TARGETED_DEVICE_FAMILY = "1,2";
			};
			name = Release;
		};
/* End XCBuildConfiguration section */

/* Begin XCConfigurationList section */
		FDB4BE19211D6BAD00D3B264 /* Build configuration list for PBXProject "MartHoliday" */ = {
			isa = XCConfigurationList;
			buildConfigurations = (
				FDB4BE2E211D6BAE00D3B264 /* Debug */,
				FDB4BE2F211D6BAE00D3B264 /* Release */,
			);
			defaultConfigurationIsVisible = 0;
			defaultConfigurationName = Release;
		};
		FDB4BE30211D6BAE00D3B264 /* Build configuration list for PBXNativeTarget "MartHoliday" */ = {
			isa = XCConfigurationList;
			buildConfigurations = (
				FDB4BE31211D6BAE00D3B264 /* Debug */,
				FDB4BE32211D6BAE00D3B264 /* Release */,
			);
			defaultConfigurationIsVisible = 0;
			defaultConfigurationName = Release;
		};
/* End XCConfigurationList section */
	};
	rootObject = FDB4BE16211D6BAD00D3B264 /* Project object */;
}
